
Microsoft Visual Studio Solution File, Format Version 12.00
# Visual Studio Version 16
VisualStudioVersion = 16.0.29926.136
MinimumVisualStudioVersion = 10.0.40219.1
Project("{FAE04EC0-301F-11D3-BF4B-00C04F79EFBC}") = "ConsoleUI", "ConsoleUI\ConsoleUI.csproj", "{FEB0A79D-DF89-4D3C-B71B-8E0CE698B4E2}"
EndProject
Project("{FAE04EC0-301F-11D3-BF4B-00C04F79EFBC}") = "DemoLibrary", "DemoLibrary\DemoLibrary.csproj", "{366BBCA8-F264-4E36-9F73-936B00D2493A}"
EndProject
Project("{FAE04EC0-301F-11D3-BF4B-00C04F79EFBC}") = "EventsDemoUI", "EventsDemoUI\EventsDemoUI.csproj", "{F669E85F-4C21-455D-BD5C-09198308498D}"
EndProject
Project("{FAE04EC0-301F-11D3-BF4B-00C04F79EFBC}") = "DelegatesDemoWinformUI", "DelegatesDemoWinformUI\DelegatesDemoWinformUI.csproj", "{9AD297DA-CF01-410A-A680-C89065187BBE}"
EndProject
Project("{FAE04EC0-301F-11D3-BF4B-00C04F79EFBC}") = "Async_Await_Demo", "Async_Await_Demo\Async_Await_Demo.csproj", "{ED0FFD70-4E71-42E7-8AD7-3F6DB99C6688}"
EndProject
Project("{9A19103F-16F7-4668-BE54-9A1E7A4F7556}") = "Csharp8Demo", "Csharp8Demo\Csharp8Demo.csproj", "{AAC48EEC-12C6-4A83-B092-288034E1BE40}"
EndProject
Project("{9A19103F-16F7-4668-BE54-9A1E7A4F7556}") = "RandomDemo", "RandomDemo\RandomDemo.csproj", "{CECC9CD2-2656-4E95-8932-12CD6C74DD11}"
EndProject
Project("{9A19103F-16F7-4668-BE54-9A1E7A4F7556}") = "InterfaceDemo", "InterfaceDemo\InterfaceDemo.csproj", "{B40FB77A-CA5F-4548-A612-DB65AE5B010B}"
EndProject
Project("{9A19103F-16F7-4668-BE54-9A1E7A4F7556}") = "AbstractDemo", "AbstractDemo\AbstractDemo.csproj", "{414DC762-5428-432B-82C5-0D02F14FE1F3}"
EndProject
Project("{9A19103F-16F7-4668-BE54-9A1E7A4F7556}") = "GenericDemo", "GenericDemo\GenericDemo.csproj", "{88E9C5F1-4E51-4F14-9F36-8DA89D6D3256}"
EndProject
Project("{FAE04EC0-301F-11D3-BF4B-00C04F79EFBC}") = "EventSelfDemo", "EventSelfDemo\EventSelfDemo.csproj", "{2464DF34-A2BE-4506-84B9-CCB548C29E18}"
EndProject
Project("{9A19103F-16F7-4668-BE54-9A1E7A4F7556}") = "PureEventDemo", "PureEventDemo\PureEventDemo.csproj", "{FDFE1D98-350A-4589-BDE9-C8262797237F}"
EndProject
Project("{FAE04EC0-301F-11D3-BF4B-00C04F79EFBC}") = "DelegateSelfDemo-Winform", "DelegateSelfDemo\DelegateSelfDemo-Winform.csproj", "{0668DC07-C3BD-4F5E-8C93-715289C7823C}"
EndProject
Project("{9A19103F-16F7-4668-BE54-9A1E7A4F7556}") = "DelegateSelfDemo-Console", "DelegateSelfDemo-Console\DelegateSelfDemo-Console.csproj", "{ADFFC02A-76E0-483C-84CD-3D8E935C6551}"
EndProject
Project("{FAE04EC0-301F-11D3-BF4B-00C04F79EFBC}") = "DelegateSelfDemo_NetFrame", "DelegateSelfDemo_NetFrame\DelegateSelfDemo_NetFrame.csproj", "{495F27AA-2DC9-41FC-80D4-7FDB9B3DEC13}"
EndProject
Project("{FAE04EC0-301F-11D3-BF4B-00C04F79EFBC}") = "AsyncSelfDemo", "AsyncSelfDemo\AsyncSelfDemo.csproj", "{C5E8CF55-E249-4AD4-A3CE-D4FB8493D2B2}"
EndProject
Project("{9A19103F-16F7-4668-BE54-9A1E7A4F7556}") = "LSPDemo", "LSPDemo\LSPDemo.csproj", "{E9814E3A-0477-4FC5-A5F9-68515A0E800E}"
EndProject
Project("{9A19103F-16F7-4668-BE54-9A1E7A4F7556}") = "ISPDemo", "ISPDemo\ISPDemo.csproj", "{D5ECF0D8-E39F-4A4C-BFD1-A3BA3DE9E305}"
EndProject
Project("{9A19103F-16F7-4668-BE54-9A1E7A4F7556}") = "DIP", "DIP\DIP.csproj", "{E4EED696-17C9-4BE8-BEB3-3B05749E7161}"
EndProject
Project("{9A19103F-16F7-4668-BE54-9A1E7A4F7556}") = "DependencyInjectsionDemo", "DependencyInjectsionDemo\DependencyInjectsionDemo.csproj", "{BEFCB01F-4690-43B7-91A9-0052FD25AA95}"
EndProject
Project("{9A19103F-16F7-4668-BE54-9A1E7A4F7556}") = "DIDemoLibrary", "DIDemoLibrary\DIDemoLibrary.csproj", "{3466FAD5-3FDB-4122-8528-9DED405E25CF}"
EndProject
Project("{9A19103F-16F7-4668-BE54-9A1E7A4F7556}") = "UnitTestDemo", "UnitTestDemo\UnitTestDemo.csproj", "{E2ECA0D4-6663-4E03-97E9-86083E666C40}"
EndProject
Project("{9A19103F-16F7-4668-BE54-9A1E7A4F7556}") = "UnitTestDemoLibrary", "UnitTestDemoLibrary\UnitTestDemoLibrary.csproj", "{DDCCD9A8-9874-4F6C-B7DA-F5D91BF41ADA}"
EndProject
Project("{9A19103F-16F7-4668-BE54-9A1E7A4F7556}") = "UnitTestWPFDemo", "UnitTestWPFDemo\UnitTestWPFDemo.csproj", "{E543BE94-1884-4317-9F4E-855B5D0CD836}"
EndProject
Project("{9A19103F-16F7-4668-BE54-9A1E7A4F7556}") = "CSVHandleDemo", "CSVHandleDemo\CSVHandleDemo.csproj", "{9A2B4995-5F1C-4EB4-9737-E0CEA983B3FE}"
EndProject
Project("{FAE04EC0-301F-11D3-BF4B-00C04F79EFBC}") = "DBAccessDemo", "DBAccessDemo\DBAccessDemo.csproj", "{1020EF74-87E6-4397-AB00-26875BE2A2D7}"
EndProject
Global
	GlobalSection(SolutionConfigurationPlatforms) = preSolution
		Debug|Any CPU = Debug|Any CPU
		Release|Any CPU = Release|Any CPU
	EndGlobalSection
	GlobalSection(ProjectConfigurationPlatforms) = postSolution
		{FEB0A79D-DF89-4D3C-B71B-8E0CE698B4E2}.Debug|Any CPU.ActiveCfg = Debug|Any CPU
		{FEB0A79D-DF89-4D3C-B71B-8E0CE698B4E2}.Debug|Any CPU.Build.0 = Debug|Any CPU
		{FEB0A79D-DF89-4D3C-B71B-8E0CE698B4E2}.Release|Any CPU.ActiveCfg = Release|Any CPU
		{FEB0A79D-DF89-4D3C-B71B-8E0CE698B4E2}.Release|Any CPU.Build.0 = Release|Any CPU
		{366BBCA8-F264-4E36-9F73-936B00D2493A}.Debug|Any CPU.ActiveCfg = Debug|Any CPU
		{366BBCA8-F264-4E36-9F73-936B00D2493A}.Debug|Any CPU.Build.0 = Debug|Any CPU
		{366BBCA8-F264-4E36-9F73-936B00D2493A}.Release|Any CPU.ActiveCfg = Release|Any CPU
		{366BBCA8-F264-4E36-9F73-936B00D2493A}.Release|Any CPU.Build.0 = Release|Any CPU
		{F669E85F-4C21-455D-BD5C-09198308498D}.Debug|Any CPU.ActiveCfg = Debug|Any CPU
		{F669E85F-4C21-455D-BD5C-09198308498D}.Debug|Any CPU.Build.0 = Debug|Any CPU
		{F669E85F-4C21-455D-BD5C-09198308498D}.Release|Any CPU.ActiveCfg = Release|Any CPU
		{F669E85F-4C21-455D-BD5C-09198308498D}.Release|Any CPU.Build.0 = Release|Any CPU
		{9AD297DA-CF01-410A-A680-C89065187BBE}.Debug|Any CPU.ActiveCfg = Debug|Any CPU
		{9AD297DA-CF01-410A-A680-C89065187BBE}.Debug|Any CPU.Build.0 = Debug|Any CPU
		{9AD297DA-CF01-410A-A680-C89065187BBE}.Release|Any CPU.ActiveCfg = Release|Any CPU
		{9AD297DA-CF01-410A-A680-C89065187BBE}.Release|Any CPU.Build.0 = Release|Any CPU
		{ED0FFD70-4E71-42E7-8AD7-3F6DB99C6688}.Debug|Any CPU.ActiveCfg = Debug|Any CPU
		{ED0FFD70-4E71-42E7-8AD7-3F6DB99C6688}.Debug|Any CPU.Build.0 = Debug|Any CPU
		{ED0FFD70-4E71-42E7-8AD7-3F6DB99C6688}.Release|Any CPU.ActiveCfg = Release|Any CPU
		{ED0FFD70-4E71-42E7-8AD7-3F6DB99C6688}.Release|Any CPU.Build.0 = Release|Any CPU
		{AAC48EEC-12C6-4A83-B092-288034E1BE40}.Debug|Any CPU.ActiveCfg = Debug|Any CPU
		{AAC48EEC-12C6-4A83-B092-288034E1BE40}.Debug|Any CPU.Build.0 = Debug|Any CPU
		{AAC48EEC-12C6-4A83-B092-288034E1BE40}.Release|Any CPU.ActiveCfg = Release|Any CPU
		{AAC48EEC-12C6-4A83-B092-288034E1BE40}.Release|Any CPU.Build.0 = Release|Any CPU
		{CECC9CD2-2656-4E95-8932-12CD6C74DD11}.Debug|Any CPU.ActiveCfg = Debug|Any CPU
		{CECC9CD2-2656-4E95-8932-12CD6C74DD11}.Debug|Any CPU.Build.0 = Debug|Any CPU
		{CECC9CD2-2656-4E95-8932-12CD6C74DD11}.Release|Any CPU.ActiveCfg = Release|Any CPU
		{CECC9CD2-2656-4E95-8932-12CD6C74DD11}.Release|Any CPU.Build.0 = Release|Any CPU
		{B40FB77A-CA5F-4548-A612-DB65AE5B010B}.Debug|Any CPU.ActiveCfg = Debug|Any CPU
		{B40FB77A-CA5F-4548-A612-DB65AE5B010B}.Debug|Any CPU.Build.0 = Debug|Any CPU
		{B40FB77A-CA5F-4548-A612-DB65AE5B010B}.Release|Any CPU.ActiveCfg = Release|Any CPU
		{B40FB77A-CA5F-4548-A612-DB65AE5B010B}.Release|Any CPU.Build.0 = Release|Any CPU
		{414DC762-5428-432B-82C5-0D02F14FE1F3}.Debug|Any CPU.ActiveCfg = Debug|Any CPU
		{414DC762-5428-432B-82C5-0D02F14FE1F3}.Debug|Any CPU.Build.0 = Debug|Any CPU
		{414DC762-5428-432B-82C5-0D02F14FE1F3}.Release|Any CPU.ActiveCfg = Release|Any CPU
		{414DC762-5428-432B-82C5-0D02F14FE1F3}.Release|Any CPU.Build.0 = Release|Any CPU
		{88E9C5F1-4E51-4F14-9F36-8DA89D6D3256}.Debug|Any CPU.ActiveCfg = Debug|Any CPU
		{88E9C5F1-4E51-4F14-9F36-8DA89D6D3256}.Debug|Any CPU.Build.0 = Debug|Any CPU
		{88E9C5F1-4E51-4F14-9F36-8DA89D6D3256}.Release|Any CPU.ActiveCfg = Release|Any CPU
		{88E9C5F1-4E51-4F14-9F36-8DA89D6D3256}.Release|Any CPU.Build.0 = Release|Any CPU
		{2464DF34-A2BE-4506-84B9-CCB548C29E18}.Debug|Any CPU.ActiveCfg = Debug|Any CPU
		{2464DF34-A2BE-4506-84B9-CCB548C29E18}.Debug|Any CPU.Build.0 = Debug|Any CPU
		{2464DF34-A2BE-4506-84B9-CCB548C29E18}.Release|Any CPU.ActiveCfg = Release|Any CPU
		{2464DF34-A2BE-4506-84B9-CCB548C29E18}.Release|Any CPU.Build.0 = Release|Any CPU
		{FDFE1D98-350A-4589-BDE9-C8262797237F}.Debug|Any CPU.ActiveCfg = Debug|Any CPU
		{FDFE1D98-350A-4589-BDE9-C8262797237F}.Debug|Any CPU.Build.0 = Debug|Any CPU
		{FDFE1D98-350A-4589-BDE9-C8262797237F}.Release|Any CPU.ActiveCfg = Release|Any CPU
		{FDFE1D98-350A-4589-BDE9-C8262797237F}.Release|Any CPU.Build.0 = Release|Any CPU
		{0668DC07-C3BD-4F5E-8C93-715289C7823C}.Debug|Any CPU.ActiveCfg = Debug|Any CPU
		{0668DC07-C3BD-4F5E-8C93-715289C7823C}.Debug|Any CPU.Build.0 = Debug|Any CPU
		{0668DC07-C3BD-4F5E-8C93-715289C7823C}.Release|Any CPU.ActiveCfg = Release|Any CPU
		{0668DC07-C3BD-4F5E-8C93-715289C7823C}.Release|Any CPU.Build.0 = Release|Any CPU
		{ADFFC02A-76E0-483C-84CD-3D8E935C6551}.Debug|Any CPU.ActiveCfg = Debug|Any CPU
		{ADFFC02A-76E0-483C-84CD-3D8E935C6551}.Debug|Any CPU.Build.0 = Debug|Any CPU
		{ADFFC02A-76E0-483C-84CD-3D8E935C6551}.Release|Any CPU.ActiveCfg = Release|Any CPU
		{ADFFC02A-76E0-483C-84CD-3D8E935C6551}.Release|Any CPU.Build.0 = Release|Any CPU
		{495F27AA-2DC9-41FC-80D4-7FDB9B3DEC13}.Debug|Any CPU.ActiveCfg = Debug|Any CPU
		{495F27AA-2DC9-41FC-80D4-7FDB9B3DEC13}.Debug|Any CPU.Build.0 = Debug|Any CPU
		{495F27AA-2DC9-41FC-80D4-7FDB9B3DEC13}.Release|Any CPU.ActiveCfg = Release|Any CPU
		{495F27AA-2DC9-41FC-80D4-7FDB9B3DEC13}.Release|Any CPU.Build.0 = Release|Any CPU
		{C5E8CF55-E249-4AD4-A3CE-D4FB8493D2B2}.Debug|Any CPU.ActiveCfg = Debug|Any CPU
		{C5E8CF55-E249-4AD4-A3CE-D4FB8493D2B2}.Debug|Any CPU.Build.0 = Debug|Any CPU
		{C5E8CF55-E249-4AD4-A3CE-D4FB8493D2B2}.Release|Any CPU.ActiveCfg = Release|Any CPU
		{C5E8CF55-E249-4AD4-A3CE-D4FB8493D2B2}.Release|Any CPU.Build.0 = Release|Any CPU
		{E9814E3A-0477-4FC5-A5F9-68515A0E800E}.Debug|Any CPU.ActiveCfg = Debug|Any CPU
		{E9814E3A-0477-4FC5-A5F9-68515A0E800E}.Debug|Any CPU.Build.0 = Debug|Any CPU
		{E9814E3A-0477-4FC5-A5F9-68515A0E800E}.Release|Any CPU.ActiveCfg = Release|Any CPU
		{E9814E3A-0477-4FC5-A5F9-68515A0E800E}.Release|Any CPU.Build.0 = Release|Any CPU
		{D5ECF0D8-E39F-4A4C-BFD1-A3BA3DE9E305}.Debug|Any CPU.ActiveCfg = Debug|Any CPU
		{D5ECF0D8-E39F-4A4C-BFD1-A3BA3DE9E305}.Debug|Any CPU.Build.0 = Debug|Any CPU
		{D5ECF0D8-E39F-4A4C-BFD1-A3BA3DE9E305}.Release|Any CPU.ActiveCfg = Release|Any CPU
		{D5ECF0D8-E39F-4A4C-BFD1-A3BA3DE9E305}.Release|Any CPU.Build.0 = Release|Any CPU
		{E4EED696-17C9-4BE8-BEB3-3B05749E7161}.Debug|Any CPU.ActiveCfg = Debug|Any CPU
		{E4EED696-17C9-4BE8-BEB3-3B05749E7161}.Debug|Any CPU.Build.0 = Debug|Any CPU
		{E4EED696-17C9-4BE8-BEB3-3B05749E7161}.Release|Any CPU.ActiveCfg = Release|Any CPU
		{E4EED696-17C9-4BE8-BEB3-3B05749E7161}.Release|Any CPU.Build.0 = Release|Any CPU
		{BEFCB01F-4690-43B7-91A9-0052FD25AA95}.Debug|Any CPU.ActiveCfg = Debug|Any CPU
		{BEFCB01F-4690-43B7-91A9-0052FD25AA95}.Debug|Any CPU.Build.0 = Debug|Any CPU
		{BEFCB01F-4690-43B7-91A9-0052FD25AA95}.Release|Any CPU.ActiveCfg = Release|Any CPU
		{BEFCB01F-4690-43B7-91A9-0052FD25AA95}.Release|Any CPU.Build.0 = Release|Any CPU
		{3466FAD5-3FDB-4122-8528-9DED405E25CF}.Debug|Any CPU.ActiveCfg = Debug|Any CPU
		{3466FAD5-3FDB-4122-8528-9DED405E25CF}.Debug|Any CPU.Build.0 = Debug|Any CPU
		{3466FAD5-3FDB-4122-8528-9DED405E25CF}.Release|Any CPU.ActiveCfg = Release|Any CPU
		{3466FAD5-3FDB-4122-8528-9DED405E25CF}.Release|Any CPU.Build.0 = Release|Any CPU
		{E2ECA0D4-6663-4E03-97E9-86083E666C40}.Debug|Any CPU.ActiveCfg = Debug|Any CPU
		{E2ECA0D4-6663-4E03-97E9-86083E666C40}.Debug|Any CPU.Build.0 = Debug|Any CPU
		{E2ECA0D4-6663-4E03-97E9-86083E666C40}.Release|Any CPU.ActiveCfg = Release|Any CPU
		{E2ECA0D4-6663-4E03-97E9-86083E666C40}.Release|Any CPU.Build.0 = Release|Any CPU
		{DDCCD9A8-9874-4F6C-B7DA-F5D91BF41ADA}.Debug|Any CPU.ActiveCfg = Debug|Any CPU
		{DDCCD9A8-9874-4F6C-B7DA-F5D91BF41ADA}.Debug|Any CPU.Build.0 = Debug|Any CPU
		{DDCCD9A8-9874-4F6C-B7DA-F5D91BF41ADA}.Release|Any CPU.ActiveCfg = Release|Any CPU
		{DDCCD9A8-9874-4F6C-B7DA-F5D91BF41ADA}.Release|Any CPU.Build.0 = Release|Any CPU
		{E543BE94-1884-4317-9F4E-855B5D0CD836}.Debug|Any CPU.ActiveCfg = Debug|Any CPU
		{E543BE94-1884-4317-9F4E-855B5D0CD836}.Debug|Any CPU.Build.0 = Debug|Any CPU
		{E543BE94-1884-4317-9F4E-855B5D0CD836}.Release|Any CPU.ActiveCfg = Release|Any CPU
		{E543BE94-1884-4317-9F4E-855B5D0CD836}.Release|Any CPU.Build.0 = Release|Any CPU
		{9A2B4995-5F1C-4EB4-9737-E0CEA983B3FE}.Debug|Any CPU.ActiveCfg = Debug|Any CPU
		{9A2B4995-5F1C-4EB4-9737-E0CEA983B3FE}.Debug|Any CPU.Build.0 = Debug|Any CPU
		{9A2B4995-5F1C-4EB4-9737-E0CEA983B3FE}.Release|Any CPU.ActiveCfg = Release|Any CPU
		{9A2B4995-5F1C-4EB4-9737-E0CEA983B3FE}.Release|Any CPU.Build.0 = Release|Any CPU
		{1020EF74-87E6-4397-AB00-26875BE2A2D7}.Debug|Any CPU.ActiveCfg = Debug|Any CPU
		{1020EF74-87E6-4397-AB00-26875BE2A2D7}.Debug|Any CPU.Build.0 = Debug|Any CPU
		{1020EF74-87E6-4397-AB00-26875BE2A2D7}.Release|Any CPU.ActiveCfg = Release|Any CPU
		{1020EF74-87E6-4397-AB00-26875BE2A2D7}.Release|Any CPU.Build.0 = Release|Any CPU
	EndGlobalSection
	GlobalSection(SolutionProperties) = preSolution
		HideSolutionNode = FALSE
	EndGlobalSection
	GlobalSection(ExtensibilityGlobals) = postSolution
		SolutionGuid = {98A98226-B8E0-46D2-A517-F5298577D805}
	EndGlobalSection
EndGlobal
